
Microsoft Visual Studio Solution File, Format Version 12.00
# Visual Studio Version 17
VisualStudioVersion = 17.0.32014.148
MinimumVisualStudioVersion = 10.0.40219.1
Project("{9A19103F-16F7-4668-BE54-9A1E7A4F7556}") = "Logger.AspNet.Extensions.Sample", "Logger.AspNet.Extensions.Sample\Logger.AspNet.Extensions.Sample.csproj", "{0DB0404E-5756-4CE2-909A-66733500FF26}"
EndProject
Project("{9A19103F-16F7-4668-BE54-9A1E7A4F7556}") = "Logger.Extensions", "Logger.Extensions\Logger.Extensions.csproj", "{5979860C-1707-44ED-AA45-E10E91FA88FF}"
EndProject
Project("{FAE04EC0-301F-11D3-BF4B-00C04F79EFBC}") = "Logger.AspNet.Extensions", "Logger.AspNet.Extensions\Logger.AspNet.Extensions.csproj", "{6D8845AB-6D33-4B81-A8BA-A7E61C8E8F9A}"
EndProject
Global
	GlobalSection(SolutionConfigurationPlatforms) = preSolution
		Debug|Any CPU = Debug|Any CPU
		Release|Any CPU = Release|Any CPU
	EndGlobalSection
	GlobalSection(ProjectConfigurationPlatforms) = postSolution
		{0DB0404E-5756-4CE2-909A-66733500FF26}.Debug|Any CPU.ActiveCfg = Debug|Any CPU
		{0DB0404E-5756-4CE2-909A-66733500FF26}.Debug|Any CPU.Build.0 = Debug|Any CPU
		{0DB0404E-5756-4CE2-909A-66733500FF26}.Release|Any CPU.ActiveCfg = Release|Any CPU
		{0DB0404E-5756-4CE2-909A-66733500FF26}.Release|Any CPU.Build.0 = Release|Any CPU
		{5979860C-1707-44ED-AA45-E10E91FA88FF}.Debug|Any CPU.ActiveCfg = Debug|Any CPU
		{5979860C-1707-44ED-AA45-E10E91FA88FF}.Debug|Any CPU.Build.0 = Debug|Any CPU
		{5979860C-1707-44ED-AA45-E10E91FA88FF}.Release|Any CPU.ActiveCfg = Release|Any CPU
		{5979860C-1707-44ED-AA45-E10E91FA88FF}.Release|Any CPU.Build.0 = Release|Any CPU
		{6D8845AB-6D33-4B81-A8BA-A7E61C8E8F9A}.Debug|Any CPU.ActiveCfg = Debug|Any CPU
		{6D8845AB-6D33-4B81-A8BA-A7E61C8E8F9A}.Debug|Any CPU.Build.0 = Debug|Any CPU
		{6D8845AB-6D33-4B81-A8BA-A7E61C8E8F9A}.Release|Any CPU.ActiveCfg = Release|Any CPU
		{6D8845AB-6D33-4B81-A8BA-A7E61C8E8F9A}.Release|Any CPU.Build.0 = Release|Any CPU
	EndGlobalSection
	GlobalSection(SolutionProperties) = preSolution
		HideSolutionNode = FALSE
	EndGlobalSection
	GlobalSection(ExtensibilityGlobals) = postSolution
		SolutionGuid = {33FF9E96-B5BB-4872-82E6-866875320D3A}
	EndGlobalSection
EndGlobal
