
Microsoft Visual Studio Solution File, Format Version 12.00
# Visual Studio Version 17
VisualStudioVersion = 17.0.32014.148
MinimumVisualStudioVersion = 10.0.40219.1
Project("{FAE04EC0-301F-11D3-BF4B-00C04F79EFBC}") = "Logger.AspNet.Extensions", "Logger.AspNet.Extensions.csproj", "{E62A9410-4427-4C4C-8ACE-0AE7AD9D8539}"
EndProject
Project("{FAE04EC0-301F-11D3-BF4B-00C04F79EFBC}") = "Logger.AspNet.Extensions.Sample", "..\Logger.AspNet.Extensions.Sample\Logger.AspNet.Extensions.Sample.csproj", "{E20F1CED-A8E7-4D76-BFAA-67CE25D40B77}"
EndProject
Global
	GlobalSection(SolutionConfigurationPlatforms) = preSolution
		Debug|Any CPU = Debug|Any CPU
		Release|Any CPU = Release|Any CPU
	EndGlobalSection
	GlobalSection(ProjectConfigurationPlatforms) = postSolution
		{E62A9410-4427-4C4C-8ACE-0AE7AD9D8539}.Debug|Any CPU.ActiveCfg = Debug|Any CPU
		{E62A9410-4427-4C4C-8ACE-0AE7AD9D8539}.Debug|Any CPU.Build.0 = Debug|Any CPU
		{E62A9410-4427-4C4C-8ACE-0AE7AD9D8539}.Release|Any CPU.ActiveCfg = Release|Any CPU
		{E62A9410-4427-4C4C-8ACE-0AE7AD9D8539}.Release|Any CPU.Build.0 = Release|Any CPU
		{E20F1CED-A8E7-4D76-BFAA-67CE25D40B77}.Debug|Any CPU.ActiveCfg = Debug|Any CPU
		{E20F1CED-A8E7-4D76-BFAA-67CE25D40B77}.Debug|Any CPU.Build.0 = Debug|Any CPU
		{E20F1CED-A8E7-4D76-BFAA-67CE25D40B77}.Release|Any CPU.ActiveCfg = Release|Any CPU
		{E20F1CED-A8E7-4D76-BFAA-67CE25D40B77}.Release|Any CPU.Build.0 = Release|Any CPU
	EndGlobalSection
	GlobalSection(SolutionProperties) = preSolution
		HideSolutionNode = FALSE
	EndGlobalSection
	GlobalSection(ExtensibilityGlobals) = postSolution
		SolutionGuid = {33FF9E96-B5BB-4872-82E6-866875320D3A}
	EndGlobalSection
EndGlobal
